
Microsoft Visual Studio Solution File, Format Version 12.00
# Visual Studio Version 16
VisualStudioVersion = 16.0.30011.22
MinimumVisualStudioVersion = 10.0.40219.1
Project("{9A19103F-16F7-4668-BE54-9A1E7A4F7556}") = "FourOperations", "FourOperations\FourOperations.csproj", "{485C65D5-730D-4D04-BD6C-99F2BC1829BA}"
EndProject
Project("{9A19103F-16F7-4668-BE54-9A1E7A4F7556}") = "FourOperationsDemo", "FourOperationsDemo\FourOperationsDemo.csproj", "{0B971942-1128-4AB1-B838-BAA85EADAA81}"
EndProject
Project("{FAE04EC0-301F-11D3-BF4B-00C04F79EFBC}") = "Uwpxx", "Uwpxx\Uwpxx.csproj", "{E6268B34-3FF5-41B1-9818-B5FD0E27249E}"
EndProject
Project("{FAE04EC0-301F-11D3-BF4B-00C04F79EFBC}") = "XML", "XML\XML.csproj", "{0CA8EE8A-8ACD-437E-843C-E5391151B202}"
EndProject
Global
	GlobalSection(SolutionConfigurationPlatforms) = preSolution
		Debug|Any CPU = Debug|Any CPU
		Debug|ARM = Debug|ARM
		Debug|ARM64 = Debug|ARM64
		Debug|x64 = Debug|x64
		Debug|x86 = Debug|x86
		Release|Any CPU = Release|Any CPU
		Release|ARM = Release|ARM
		Release|ARM64 = Release|ARM64
		Release|x64 = Release|x64
		Release|x86 = Release|x86
	EndGlobalSection
	GlobalSection(ProjectConfigurationPlatforms) = postSolution
		{485C65D5-730D-4D04-BD6C-99F2BC1829BA}.Debug|Any CPU.ActiveCfg = Debug|Any CPU
		{485C65D5-730D-4D04-BD6C-99F2BC1829BA}.Debug|Any CPU.Build.0 = Debug|Any CPU
		{485C65D5-730D-4D04-BD6C-99F2BC1829BA}.Debug|ARM.ActiveCfg = Debug|Any CPU
		{485C65D5-730D-4D04-BD6C-99F2BC1829BA}.Debug|ARM.Build.0 = Debug|Any CPU
		{485C65D5-730D-4D04-BD6C-99F2BC1829BA}.Debug|ARM64.ActiveCfg = Debug|Any CPU
		{485C65D5-730D-4D04-BD6C-99F2BC1829BA}.Debug|ARM64.Build.0 = Debug|Any CPU
		{485C65D5-730D-4D04-BD6C-99F2BC1829BA}.Debug|x64.ActiveCfg = Debug|Any CPU
		{485C65D5-730D-4D04-BD6C-99F2BC1829BA}.Debug|x64.Build.0 = Debug|Any CPU
		{485C65D5-730D-4D04-BD6C-99F2BC1829BA}.Debug|x86.ActiveCfg = Debug|Any CPU
		{485C65D5-730D-4D04-BD6C-99F2BC1829BA}.Debug|x86.Build.0 = Debug|Any CPU
		{485C65D5-730D-4D04-BD6C-99F2BC1829BA}.Release|Any CPU.ActiveCfg = Release|Any CPU
		{485C65D5-730D-4D04-BD6C-99F2BC1829BA}.Release|Any CPU.Build.0 = Release|Any CPU
		{485C65D5-730D-4D04-BD6C-99F2BC1829BA}.Release|ARM.ActiveCfg = Release|Any CPU
		{485C65D5-730D-4D04-BD6C-99F2BC1829BA}.Release|ARM.Build.0 = Release|Any CPU
		{485C65D5-730D-4D04-BD6C-99F2BC1829BA}.Release|ARM64.ActiveCfg = Release|Any CPU
		{485C65D5-730D-4D04-BD6C-99F2BC1829BA}.Release|ARM64.Build.0 = Release|Any CPU
		{485C65D5-730D-4D04-BD6C-99F2BC1829BA}.Release|x64.ActiveCfg = Release|Any CPU
		{485C65D5-730D-4D04-BD6C-99F2BC1829BA}.Release|x64.Build.0 = Release|Any CPU
		{485C65D5-730D-4D04-BD6C-99F2BC1829BA}.Release|x86.ActiveCfg = Release|Any CPU
		{485C65D5-730D-4D04-BD6C-99F2BC1829BA}.Release|x86.Build.0 = Release|Any CPU
		{0B971942-1128-4AB1-B838-BAA85EADAA81}.Debug|Any CPU.ActiveCfg = Debug|Any CPU
		{0B971942-1128-4AB1-B838-BAA85EADAA81}.Debug|Any CPU.Build.0 = Debug|Any CPU
		{0B971942-1128-4AB1-B838-BAA85EADAA81}.Debug|ARM.ActiveCfg = Debug|Any CPU
		{0B971942-1128-4AB1-B838-BAA85EADAA81}.Debug|ARM.Build.0 = Debug|Any CPU
		{0B971942-1128-4AB1-B838-BAA85EADAA81}.Debug|ARM64.ActiveCfg = Debug|Any CPU
		{0B971942-1128-4AB1-B838-BAA85EADAA81}.Debug|ARM64.Build.0 = Debug|Any CPU
		{0B971942-1128-4AB1-B838-BAA85EADAA81}.Debug|x64.ActiveCfg = Debug|Any CPU
		{0B971942-1128-4AB1-B838-BAA85EADAA81}.Debug|x64.Build.0 = Debug|Any CPU
		{0B971942-1128-4AB1-B838-BAA85EADAA81}.Debug|x86.ActiveCfg = Debug|Any CPU
		{0B971942-1128-4AB1-B838-BAA85EADAA81}.Debug|x86.Build.0 = Debug|Any CPU
		{0B971942-1128-4AB1-B838-BAA85EADAA81}.Release|Any CPU.ActiveCfg = Release|Any CPU
		{0B971942-1128-4AB1-B838-BAA85EADAA81}.Release|Any CPU.Build.0 = Release|Any CPU
		{0B971942-1128-4AB1-B838-BAA85EADAA81}.Release|ARM.ActiveCfg = Release|Any CPU
		{0B971942-1128-4AB1-B838-BAA85EADAA81}.Release|ARM.Build.0 = Release|Any CPU
		{0B971942-1128-4AB1-B838-BAA85EADAA81}.Release|ARM64.ActiveCfg = Release|Any CPU
		{0B971942-1128-4AB1-B838-BAA85EADAA81}.Release|ARM64.Build.0 = Release|Any CPU
		{0B971942-1128-4AB1-B838-BAA85EADAA81}.Release|x64.ActiveCfg = Release|Any CPU
		{0B971942-1128-4AB1-B838-BAA85EADAA81}.Release|x64.Build.0 = Release|Any CPU
		{0B971942-1128-4AB1-B838-BAA85EADAA81}.Release|x86.ActiveCfg = Release|Any CPU
		{0B971942-1128-4AB1-B838-BAA85EADAA81}.Release|x86.Build.0 = Release|Any CPU
		{E6268B34-3FF5-41B1-9818-B5FD0E27249E}.Debug|Any CPU.ActiveCfg = Debug|x86
		{E6268B34-3FF5-41B1-9818-B5FD0E27249E}.Debug|ARM.ActiveCfg = Debug|ARM
		{E6268B34-3FF5-41B1-9818-B5FD0E27249E}.Debug|ARM.Build.0 = Debug|ARM
		{E6268B34-3FF5-41B1-9818-B5FD0E27249E}.Debug|ARM.Deploy.0 = Debug|ARM
		{E6268B34-3FF5-41B1-9818-B5FD0E27249E}.Debug|ARM64.ActiveCfg = Debug|ARM64
		{E6268B34-3FF5-41B1-9818-B5FD0E27249E}.Debug|ARM64.Build.0 = Debug|ARM64
		{E6268B34-3FF5-41B1-9818-B5FD0E27249E}.Debug|ARM64.Deploy.0 = Debug|ARM64
		{E6268B34-3FF5-41B1-9818-B5FD0E27249E}.Debug|x64.ActiveCfg = Debug|x64
		{E6268B34-3FF5-41B1-9818-B5FD0E27249E}.Debug|x64.Build.0 = Debug|x64
		{E6268B34-3FF5-41B1-9818-B5FD0E27249E}.Debug|x64.Deploy.0 = Debug|x64
		{E6268B34-3FF5-41B1-9818-B5FD0E27249E}.Debug|x86.ActiveCfg = Debug|x86
		{E6268B34-3FF5-41B1-9818-B5FD0E27249E}.Debug|x86.Build.0 = Debug|x86
		{E6268B34-3FF5-41B1-9818-B5FD0E27249E}.Debug|x86.Deploy.0 = Debug|x86
		{E6268B34-3FF5-41B1-9818-B5FD0E27249E}.Release|Any CPU.ActiveCfg = Release|x86
		{E6268B34-3FF5-41B1-9818-B5FD0E27249E}.Release|ARM.ActiveCfg = Release|ARM
		{E6268B34-3FF5-41B1-9818-B5FD0E27249E}.Release|ARM.Build.0 = Release|ARM
		{E6268B34-3FF5-41B1-9818-B5FD0E27249E}.Release|ARM.Deploy.0 = Release|ARM
		{E6268B34-3FF5-41B1-9818-B5FD0E27249E}.Release|ARM64.ActiveCfg = Release|ARM64
		{E6268B34-3FF5-41B1-9818-B5FD0E27249E}.Release|ARM64.Build.0 = Release|ARM64
		{E6268B34-3FF5-41B1-9818-B5FD0E27249E}.Release|ARM64.Deploy.0 = Release|ARM64
		{E6268B34-3FF5-41B1-9818-B5FD0E27249E}.Release|x64.ActiveCfg = Release|x64
		{E6268B34-3FF5-41B1-9818-B5FD0E27249E}.Release|x64.Build.0 = Release|x64
		{E6268B34-3FF5-41B1-9818-B5FD0E27249E}.Release|x64.Deploy.0 = Release|x64
		{E6268B34-3FF5-41B1-9818-B5FD0E27249E}.Release|x86.ActiveCfg = Release|x86
		{E6268B34-3FF5-41B1-9818-B5FD0E27249E}.Release|x86.Build.0 = Release|x86
		{E6268B34-3FF5-41B1-9818-B5FD0E27249E}.Release|x86.Deploy.0 = Release|x86
		{0CA8EE8A-8ACD-437E-843C-E5391151B202}.Debug|Any CPU.ActiveCfg = Debug|x86
		{0CA8EE8A-8ACD-437E-843C-E5391151B202}.Debug|ARM.ActiveCfg = Debug|ARM
		{0CA8EE8A-8ACD-437E-843C-E5391151B202}.Debug|ARM.Build.0 = Debug|ARM
		{0CA8EE8A-8ACD-437E-843C-E5391151B202}.Debug|ARM.Deploy.0 = Debug|ARM
		{0CA8EE8A-8ACD-437E-843C-E5391151B202}.Debug|ARM64.ActiveCfg = Debug|ARM64
		{0CA8EE8A-8ACD-437E-843C-E5391151B202}.Debug|ARM64.Build.0 = Debug|ARM64
		{0CA8EE8A-8ACD-437E-843C-E5391151B202}.Debug|ARM64.Deploy.0 = Debug|ARM64
		{0CA8EE8A-8ACD-437E-843C-E5391151B202}.Debug|x64.ActiveCfg = Debug|x64
		{0CA8EE8A-8ACD-437E-843C-E5391151B202}.Debug|x64.Build.0 = Debug|x64
		{0CA8EE8A-8ACD-437E-843C-E5391151B202}.Debug|x64.Deploy.0 = Debug|x64
		{0CA8EE8A-8ACD-437E-843C-E5391151B202}.Debug|x86.ActiveCfg = Debug|x86
		{0CA8EE8A-8ACD-437E-843C-E5391151B202}.Debug|x86.Build.0 = Debug|x86
		{0CA8EE8A-8ACD-437E-843C-E5391151B202}.Debug|x86.Deploy.0 = Debug|x86
		{0CA8EE8A-8ACD-437E-843C-E5391151B202}.Release|Any CPU.ActiveCfg = Release|x86
		{0CA8EE8A-8ACD-437E-843C-E5391151B202}.Release|ARM.ActiveCfg = Release|ARM
		{0CA8EE8A-8ACD-437E-843C-E5391151B202}.Release|ARM.Build.0 = Release|ARM
		{0CA8EE8A-8ACD-437E-843C-E5391151B202}.Release|ARM.Deploy.0 = Release|ARM
		{0CA8EE8A-8ACD-437E-843C-E5391151B202}.Release|ARM64.ActiveCfg = Release|ARM64
		{0CA8EE8A-8ACD-437E-843C-E5391151B202}.Release|ARM64.Build.0 = Release|ARM64
		{0CA8EE8A-8ACD-437E-843C-E5391151B202}.Release|ARM64.Deploy.0 = Release|ARM64
		{0CA8EE8A-8ACD-437E-843C-E5391151B202}.Release|x64.ActiveCfg = Release|x64
		{0CA8EE8A-8ACD-437E-843C-E5391151B202}.Release|x64.Build.0 = Release|x64
		{0CA8EE8A-8ACD-437E-843C-E5391151B202}.Release|x64.Deploy.0 = Release|x64
		{0CA8EE8A-8ACD-437E-843C-E5391151B202}.Release|x86.ActiveCfg = Release|x86
		{0CA8EE8A-8ACD-437E-843C-E5391151B202}.Release|x86.Build.0 = Release|x86
		{0CA8EE8A-8ACD-437E-843C-E5391151B202}.Release|x86.Deploy.0 = Release|x86
	EndGlobalSection
	GlobalSection(SolutionProperties) = preSolution
		HideSolutionNode = FALSE
	EndGlobalSection
	GlobalSection(ExtensibilityGlobals) = postSolution
		SolutionGuid = {9E5A587E-FD1D-4755-8BB2-50D4A408BCDF}
	EndGlobalSection
EndGlobal
